{
  "name": "api_tratamento_flow",
  "version": "1.0.0",
  "lockfileVersion": 3,
  "requires": true,
  "packages": {
    "": {
      "name": "api_tratamento_flow",
      "version": "1.0.0",
      "devDependencies": {
        "ono": "^7.1.3"
      }
    },
    "node_modules/@jsdevtools/ono": {
      "version": "7.1.3",
      "resolved": "https://registry.npmjs.org/@jsdevtools/ono/-/ono-7.1.3.tgz",
      "integrity": "sha512-4JQNk+3mVzK3xh2rqd6RB4J46qUR19azEHBneZyTZM+c456qOrbbM/5xcR8huNCCcbVt7+UmizG6GuUvPvKUYg==",
      "dev": true,
      "license": "MIT"
    },
    "node_modules/ono": {
      "version": "7.1.3",
      "resolved": "https://registry.npmjs.org/ono/-/ono-7.1.3.tgz",
      "integrity": "sha512-9jnfVriq7uJM4o5ganUY54ntUm+5EK21EGaQ5NWnkWg3zz5ywbbonlBguRcnmF1/HDiIe3zxNxXcO1YPBmPcQQ==",
      "dev": true,
      "license": "MIT",
      "dependencies": {
        "@jsdevtools/ono": "7.1.3"
      }
    }
  }
}
